
Microsoft Visual Studio Solution File, Format Version 12.00
# Visual Studio Version 17
VisualStudioVersion = 17.0.31903.59
MinimumVisualStudioVersion = 10.0.40219.1
Project("{FAE04EC0-301F-11D3-BF4B-00C04F79EFBC}") = "EmailSummarizer.Console", "EmailSummarizer.Console\EmailSummarizer.Console.csproj", "{F91DA35E-4D62-4E9F-BB7D-AEC63389023F}"
EndProject
Project("{FAE04EC0-301F-11D3-BF4B-00C04F79EFBC}") = "EmailSummarizer.Tests", "EmailSummarizer.Tests\EmailSummarizer.Tests.csproj", "{670295F7-7B7D-4CFD-B441-96943AE78CFA}"
EndProject
Global
	GlobalSection(SolutionConfigurationPlatforms) = preSolution
		Debug|Any CPU = Debug|Any CPU
		Release|Any CPU = Release|Any CPU
	EndGlobalSection
	GlobalSection(SolutionProperties) = preSolution
		HideSolutionNode = FALSE
	EndGlobalSection
	GlobalSection(ProjectConfigurationPlatforms) = postSolution
		{F91DA35E-4D62-4E9F-BB7D-AEC63389023F}.Debug|Any CPU.ActiveCfg = Debug|Any CPU
		{F91DA35E-4D62-4E9F-BB7D-AEC63389023F}.Debug|Any CPU.Build.0 = Debug|Any CPU
		{F91DA35E-4D62-4E9F-BB7D-AEC63389023F}.Release|Any CPU.ActiveCfg = Release|Any CPU
		{F91DA35E-4D62-4E9F-BB7D-AEC63389023F}.Release|Any CPU.Build.0 = Release|Any CPU
		{670295F7-7B7D-4CFD-B441-96943AE78CFA}.Debug|Any CPU.ActiveCfg = Debug|Any CPU
		{670295F7-7B7D-4CFD-B441-96943AE78CFA}.Debug|Any CPU.Build.0 = Debug|Any CPU
		{670295F7-7B7D-4CFD-B441-96943AE78CFA}.Release|Any CPU.ActiveCfg = Release|Any CPU
		{670295F7-7B7D-4CFD-B441-96943AE78CFA}.Release|Any CPU.Build.0 = Release|Any CPU
	EndGlobalSection
EndGlobal
